<?xml version="1.0" encoding="utf-8"?>
<Project ToolsVersion="4.0" xmlns="http://schemas.microsoft.com/developer/msbuild/2003">
  <ItemGroup>
    <Filter Include="Source">
      <UniqueIdentifier>{56EB95D1-428D-C0A7-2B48-D4FB178947F8}</UniqueIdentifier>
    </Filter>
    <Filter Include="Source\Artifice">
      <UniqueIdentifier>{AC163635-18A2-A3F9-21B3-26EE8DBDFFF9}</UniqueIdentifier>
    </Filter>
    <Filter Include="Source\Artifice\Core">
      <UniqueIdentifier>{844624CD-70D5-AD96-19F4-C1910562BE3C}</UniqueIdentifier>
    </Filter>
    <Filter Include="Source\Artifice\Debug">
      <UniqueIdentifier>{2272B971-8EDE-746C-57D2-0CCAC3FD96D4}</UniqueIdentifier>
    </Filter>
    <Filter Include="Source\Artifice\Events">
      <UniqueIdentifier>{100972AC-FC02-9BFE-E56F-310FD108016B}</UniqueIdentifier>
    </Filter>
    <Filter Include="Source\Artifice\Graphics">
      <UniqueIdentifier>{6C207C2C-5845-CBAC-8190-B03C6D14CACA}</UniqueIdentifier>
    </Filter>
    <Filter Include="Source\Artifice\Graphics\RenderGraph">
      <UniqueIdentifier>{AD586A35-993F-2C2D-4290-924A2E56A593}</UniqueIdentifier>
    </Filter>
    <Filter Include="Source\Artifice\Graphics\RenderGraph\OLD">
      <UniqueIdentifier>{1B072C1F-0784-1F62-3001-20761CDDBBF5}</UniqueIdentifier>
    </Filter>
    <Filter Include="Source\Artifice\ImGui">
      <UniqueIdentifier>{D6DC1772-4249-D36C-0B3D-6BCA7768F5D4}</UniqueIdentifier>
    </Filter>
    <Filter Include="Source\Artifice\Utils">
      <UniqueIdentifier>{0C69F572-78D5-B06D-41C9-48CBADF4D2D5}</UniqueIdentifier>
    </Filter>
    <Filter Include="Source\Artifice\math">
      <UniqueIdentifier>{25133BCD-11A2-C496-BAC0-D891A62ED53C}</UniqueIdentifier>
    </Filter>
    <Filter Include="Vendor">
      <UniqueIdentifier>{935FDCD7-7F01-07AE-68BC-1A0254FD8DFE}</UniqueIdentifier>
    </Filter>
    <Filter Include="Vendor\stb_image">
      <UniqueIdentifier>{EDE315D3-D9DC-3425-020F-1AAAEE661431}</UniqueIdentifier>
    </Filter>
  </ItemGroup>
  <ItemGroup>
    <ClInclude Include="Source\Artifice.h">
      <Filter>Source</Filter>
    </ClInclude>
    <ClInclude Include="Source\Artifice\Core\Application.h">
      <Filter>Source\Artifice\Core</Filter>
    </ClInclude>
    <ClInclude Include="Source\Artifice\Core\Cache.h">
      <Filter>Source\Artifice\Core</Filter>
    </ClInclude>
    <ClInclude Include="Source\Artifice\Core\Core.h">
      <Filter>Source\Artifice\Core</Filter>
    </ClInclude>
    <ClInclude Include="Source\Artifice\Core\Input.h">
      <Filter>Source\Artifice\Core</Filter>
    </ClInclude>
    <ClInclude Include="Source\Artifice\Core\KeyCodes.h">
      <Filter>Source\Artifice\Core</Filter>
    </ClInclude>
    <ClInclude Include="Source\Artifice\Core\Layer.h">
      <Filter>Source\Artifice\Core</Filter>
    </ClInclude>
    <ClInclude Include="Source\Artifice\Core\LayerStack.h">
      <Filter>Source\Artifice\Core</Filter>
    </ClInclude>
    <ClInclude Include="Source\Artifice\Core\Log.h">
      <Filter>Source\Artifice\Core</Filter>
    </ClInclude>
    <ClInclude Include="Source\Artifice\Core\MouseCodes.h">
      <Filter>Source\Artifice\Core</Filter>
    </ClInclude>
    <ClInclude Include="Source\Artifice\Core\TemporaryCache.h">
      <Filter>Source\Artifice\Core</Filter>
    </ClInclude>
    <ClInclude Include="Source\Artifice\Core\Timestep.h">
      <Filter>Source\Artifice\Core</Filter>
    </ClInclude>
    <ClInclude Include="Source\Artifice\Core\Variant.h">
      <Filter>Source\Artifice\Core</Filter>
    </ClInclude>
    <ClInclude Include="Source\Artifice\Core\Window.h">
      <Filter>Source\Artifice\Core</Filter>
    </ClInclude>
    <ClInclude Include="Source\Artifice\Debug\Instrumentor.h">
      <Filter>Source\Artifice\Debug</Filter>
    </ClInclude>
    <ClInclude Include="Source\Artifice\Events\ApplicationEvent.h">
      <Filter>Source\Artifice\Events</Filter>
    </ClInclude>
    <ClInclude Include="Source\Artifice\Events\Event.h">
      <Filter>Source\Artifice\Events</Filter>
    </ClInclude>
    <ClInclude Include="Source\Artifice\Events\KeyEvent.h">
      <Filter>Source\Artifice\Events</Filter>
    </ClInclude>
    <ClInclude Include="Source\Artifice\Events\MouseEvent.h">
      <Filter>Source\Artifice\Events</Filter>
    </ClInclude>
    <ClInclude Include="Source\Artifice\Graphics\Camera.h">
      <Filter>Source\Artifice\Graphics</Filter>
    </ClInclude>
    <ClInclude Include="Source\Artifice\Graphics\CameraController.h">
      <Filter>Source\Artifice\Graphics</Filter>
    </ClInclude>
    <ClInclude Include="Source\Artifice\Graphics\CommandBuffer.h">
      <Filter>Source\Artifice\Graphics</Filter>
    </ClInclude>
    <ClInclude Include="Source\Artifice\Graphics\CommandPool.h">
      <Filter>Source\Artifice\Graphics</Filter>
    </ClInclude>
    <ClInclude Include="Source\Artifice\Graphics\DescriptorSetAllocator.h">
      <Filter>Source\Artifice\Graphics</Filter>
    </ClInclude>
    <ClInclude Include="Source\Artifice\Graphics\DescriptorSetLayoutInternalCache.h">
      <Filter>Source\Artifice\Graphics</Filter>
    </ClInclude>
    <ClInclude Include="Source\Artifice\Graphics\Device.h">
      <Filter>Source\Artifice\Graphics</Filter>
    </ClInclude>
    <ClInclude Include="Source\Artifice\Graphics\Instance.h">
      <Filter>Source\Artifice\Graphics</Filter>
    </ClInclude>
    <ClInclude Include="Source\Artifice\Graphics\Material.h">
      <Filter>Source\Artifice\Graphics</Filter>
    </ClInclude>
    <ClInclude Include="Source\Artifice\Graphics\RenderBackend.h">
      <Filter>Source\Artifice\Graphics</Filter>
    </ClInclude>
    <ClInclude Include="Source\Artifice\Graphics\RenderGraph\OLD\RenderGraphOLD.h">
      <Filter>Source\Artifice\Graphics\RenderGraph\OLD</Filter>
    </ClInclude>
    <ClInclude Include="Source\Artifice\Graphics\RenderGraph\RenderGraph.h">
      <Filter>Source\Artifice\Graphics\RenderGraph</Filter>
    </ClInclude>
    <ClInclude Include="Source\Artifice\Graphics\RenderGraph\RenderGraphBuilder.h">
      <Filter>Source\Artifice\Graphics\RenderGraph</Filter>
    </ClInclude>
    <ClInclude Include="Source\Artifice\Graphics\RenderGraph\RenderGraphRegistry.h">
      <Filter>Source\Artifice\Graphics\RenderGraph</Filter>
    </ClInclude>
    <ClInclude Include="Source\Artifice\Graphics\RenderGraph\RenderGraphResourceCache.h">
      <Filter>Source\Artifice\Graphics\RenderGraph</Filter>
    </ClInclude>
    <ClInclude Include="Source\Artifice\Graphics\RenderHandle.h">
      <Filter>Source\Artifice\Graphics</Filter>
    </ClInclude>
    <ClInclude Include="Source\Artifice\Graphics\RenderHandleAllocator.h">
      <Filter>Source\Artifice\Graphics</Filter>
    </ClInclude>
    <ClInclude Include="Source\Artifice\Graphics\Renderer2D.h">
      <Filter>Source\Artifice\Graphics</Filter>
    </ClInclude>
    <ClInclude Include="Source\Artifice\Graphics\ResourceCaches.h">
      <Filter>Source\Artifice\Graphics</Filter>
    </ClInclude>
    <ClInclude Include="Source\Artifice\Graphics\Resources.h">
      <Filter>Source\Artifice\Graphics</Filter>
    </ClInclude>
    <ClInclude Include="Source\Artifice\Graphics\ScratchBufferAllocator.h">
      <Filter>Source\Artifice\Graphics</Filter>
    </ClInclude>
    <ClInclude Include="Source\Artifice\Graphics\Shader.h">
      <Filter>Source\Artifice\Graphics</Filter>
    </ClInclude>
    <ClInclude Include="Source\Artifice\Graphics\Types.h">
      <Filter>Source\Artifice\Graphics</Filter>
    </ClInclude>
    <ClInclude Include="Source\Artifice\Graphics\zOLDRenderPass.h">
      <Filter>Source\Artifice\Graphics</Filter>
    </ClInclude>
    <ClInclude Include="Source\Artifice\ImGui\ImGuiLayer.h">
      <Filter>Source\Artifice\ImGui</Filter>
    </ClInclude>
    <ClInclude Include="Source\Artifice\Utils\FileUtils.h">
      <Filter>Source\Artifice\Utils</Filter>
    </ClInclude>
    <ClInclude Include="Source\Artifice\Utils\Hash.h">
      <Filter>Source\Artifice\Utils</Filter>
    </ClInclude>
    <ClInclude Include="Source\Artifice\Utils\OBJLoader.h">
      <Filter>Source\Artifice\Utils</Filter>
    </ClInclude>
    <ClInclude Include="Source\Artifice\Utils\Timer.h">
      <Filter>Source\Artifice\Utils</Filter>
    </ClInclude>
    <ClInclude Include="Source\Artifice\math\AABB.h">
      <Filter>Source\Artifice\math</Filter>
    </ClInclude>
    <ClInclude Include="Source\Artifice\math\Frustum.h">
      <Filter>Source\Artifice\math</Filter>
    </ClInclude>
    <ClInclude Include="Source\Artifice\math\Sphere.h">
      <Filter>Source\Artifice\math</Filter>
    </ClInclude>
    <ClInclude Include="Source\Artifice\math\mat4.h">
      <Filter>Source\Artifice\math</Filter>
    </ClInclude>
    <ClInclude Include="Source\Artifice\math\math.h">
      <Filter>Source\Artifice\math</Filter>
    </ClInclude>
    <ClInclude Include="Source\Artifice\math\math_functions.h">
      <Filter>Source\Artifice\math</Filter>
    </ClInclude>
    <ClInclude Include="Source\Artifice\math\vec2.h">
      <Filter>Source\Artifice\math</Filter>
    </ClInclude>
    <ClInclude Include="Source\Artifice\math\vec3.h">
      <Filter>Source\Artifice\math</Filter>
    </ClInclude>
    <ClInclude Include="Source\Artifice\math\vec4.h">
      <Filter>Source\Artifice\math</Filter>
    </ClInclude>
    <ClInclude Include="Vendor\stb_image\stb_image.h">
      <Filter>Vendor\stb_image</Filter>
    </ClInclude>
  </ItemGroup>
  <ItemGroup>
    <ClCompile Include="Source\Artifice\Core\Application.cpp">
      <Filter>Source\Artifice\Core</Filter>
    </ClCompile>
    <ClCompile Include="Source\Artifice\Core\Input.cpp">
      <Filter>Source\Artifice\Core</Filter>
    </ClCompile>
    <ClCompile Include="Source\Artifice\Core\Layer.cpp">
      <Filter>Source\Artifice\Core</Filter>
    </ClCompile>
    <ClCompile Include="Source\Artifice\Core\LayerStack.cpp">
      <Filter>Source\Artifice\Core</Filter>
    </ClCompile>
    <ClCompile Include="Source\Artifice\Core\Window.cpp">
      <Filter>Source\Artifice\Core</Filter>
    </ClCompile>
    <ClCompile Include="Source\Artifice\Graphics\Camera.cpp">
      <Filter>Source\Artifice\Graphics</Filter>
    </ClCompile>
    <ClCompile Include="Source\Artifice\Graphics\CameraController.cpp">
      <Filter>Source\Artifice\Graphics</Filter>
    </ClCompile>
    <ClCompile Include="Source\Artifice\Graphics\CommandBuffer.cpp">
      <Filter>Source\Artifice\Graphics</Filter>
    </ClCompile>
    <ClCompile Include="Source\Artifice\Graphics\CommandPool.cpp">
      <Filter>Source\Artifice\Graphics</Filter>
    </ClCompile>
    <ClCompile Include="Source\Artifice\Graphics\DescriptorSetAllocator.cpp">
      <Filter>Source\Artifice\Graphics</Filter>
    </ClCompile>
    <ClCompile Include="Source\Artifice\Graphics\DescriptorSetLayoutInternalCache.cpp">
      <Filter>Source\Artifice\Graphics</Filter>
    </ClCompile>
    <ClCompile Include="Source\Artifice\Graphics\Device.cpp">
      <Filter>Source\Artifice\Graphics</Filter>
    </ClCompile>
    <ClCompile Include="Source\Artifice\Graphics\DeviceUtil.cpp">
      <Filter>Source\Artifice\Graphics</Filter>
    </ClCompile>
    <ClCompile Include="Source\Artifice\Graphics\Instance.cpp">
      <Filter>Source\Artifice\Graphics</Filter>
    </ClCompile>
    <ClCompile Include="Source\Artifice\Graphics\Material.cpp">
      <Filter>Source\Artifice\Graphics</Filter>
    </ClCompile>
    <ClCompile Include="Source\Artifice\Graphics\RenderBackend.cpp">
      <Filter>Source\Artifice\Graphics</Filter>
    </ClCompile>
    <ClCompile Include="Source\Artifice\Graphics\RenderBackendConvert.cpp">
      <Filter>Source\Artifice\Graphics</Filter>
    </ClCompile>
    <ClCompile Include="Source\Artifice\Graphics\RenderGraph\OLD\RenderGraphOLD.cpp">
      <Filter>Source\Artifice\Graphics\RenderGraph\OLD</Filter>
    </ClCompile>
    <ClCompile Include="Source\Artifice\Graphics\RenderGraph\RenderGraph.cpp">
      <Filter>Source\Artifice\Graphics\RenderGraph</Filter>
    </ClCompile>
    <ClCompile Include="Source\Artifice\Graphics\RenderGraph\RenderGraphBuilder.cpp">
      <Filter>Source\Artifice\Graphics\RenderGraph</Filter>
    </ClCompile>
    <ClCompile Include="Source\Artifice\Graphics\RenderGraph\RenderGraphRegistry.cpp">
      <Filter>Source\Artifice\Graphics\RenderGraph</Filter>
    </ClCompile>
    <ClCompile Include="Source\Artifice\Graphics\RenderHandle.cpp">
      <Filter>Source\Artifice\Graphics</Filter>
    </ClCompile>
    <ClCompile Include="Source\Artifice\Graphics\RenderHandleAllocator.cpp">
      <Filter>Source\Artifice\Graphics</Filter>
    </ClCompile>
    <ClCompile Include="Source\Artifice\Graphics\Renderer2D.cpp">
      <Filter>Source\Artifice\Graphics</Filter>
    </ClCompile>
    <ClCompile Include="Source\Artifice\Graphics\Resources.cpp">
      <Filter>Source\Artifice\Graphics</Filter>
    </ClCompile>
    <ClCompile Include="Source\Artifice\Graphics\ScratchBufferAllocator.cpp">
      <Filter>Source\Artifice\Graphics</Filter>
    </ClCompile>
    <ClCompile Include="Source\Artifice\Graphics\Shader.cpp">
      <Filter>Source\Artifice\Graphics</Filter>
    </ClCompile>
    <ClCompile Include="Source\Artifice\ImGui\ImGuiBuild.cpp">
      <Filter>Source\Artifice\ImGui</Filter>
    </ClCompile>
    <ClCompile Include="Source\Artifice\ImGui\ImGuiLayer.cpp">
      <Filter>Source\Artifice\ImGui</Filter>
    </ClCompile>
    <ClCompile Include="Source\Artifice\Utils\OBJLoader.cpp">
      <Filter>Source\Artifice\Utils</Filter>
    </ClCompile>
    <ClCompile Include="Source\Artifice\Utils\Timer.cpp">
      <Filter>Source\Artifice\Utils</Filter>
    </ClCompile>
    <ClCompile Include="Source\Artifice\math\AABB.cpp">
      <Filter>Source\Artifice\math</Filter>
    </ClCompile>
    <ClCompile Include="Source\Artifice\math\Frustum.cpp">
      <Filter>Source\Artifice\math</Filter>
    </ClCompile>
    <ClCompile Include="Source\Artifice\math\Sphere.cpp">
      <Filter>Source\Artifice\math</Filter>
    </ClCompile>
    <ClCompile Include="Source\Artifice\math\mat4.cpp">
      <Filter>Source\Artifice\math</Filter>
    </ClCompile>
    <ClCompile Include="Source\Artifice\math\vec2.cpp">
      <Filter>Source\Artifice\math</Filter>
    </ClCompile>
    <ClCompile Include="Source\Artifice\math\vec3.cpp">
      <Filter>Source\Artifice\math</Filter>
    </ClCompile>
    <ClCompile Include="Source\Artifice\math\vec4.cpp">
      <Filter>Source\Artifice\math</Filter>
    </ClCompile>
    <ClCompile Include="Vendor\stb_image\stb_image.cpp">
      <Filter>Vendor\stb_image</Filter>
    </ClCompile>
  </ItemGroup>
</Project>